{
  "name": "koa-template",
  "version": "0.1.0",
  "lockfileVersion": 3,
  "requires": true,
  "packages": {
    "": {
      "name": "koa-template",
      "version": "0.1.0",
      "dependencies": {
        "@edgeone/pages-blob": "^0.0.8"
      }
    },
    "node_modules/@edgeone/pages-blob": {
      "version": "0.0.8",
      "resolved": "https://registry.npmjs.org/@edgeone/pages-blob/-/pages-blob-0.0.8.tgz",
      "integrity": "sha512-CbIrK4OmhybNK6IXfNJ+pjQsCyhqxeHEt3M7x/hhkBSQ1RK2XO0AnnX1FXfsfCRUZhKqspIfrRAYbgupjOfQ5Q==",
      "license": "MIT",
      "engines": {
        "node": ">=18.0.0"
      }
    }
  }
}
